<?xml version="1.0" encoding="utf-8"?>
<Project ToolsVersion="4.0" xmlns="http://schemas.microsoft.com/developer/msbuild/2003">
  <ItemGroup>
    <ClCompile Include="main.cpp" />
    <ClCompile Include="Graphic3D\Graphic3D.cpp">
      <Filter>Graphic3D</Filter>
    </ClCompile>
  </ItemGroup>
  <ItemGroup>
    <Filter Include="Math">
      <UniqueIdentifier>{b7344aa6-5732-461e-a1e1-7cbc70d15d12}</UniqueIdentifier>
    </Filter>
    <Filter Include="Graphic3D">
      <UniqueIdentifier>{47a0decd-7332-41f7-aebb-fd35493e7601}</UniqueIdentifier>
    </Filter>
  </ItemGroup>
  <ItemGroup>
    <ClInclude Include="Math\Mat4.hpp">
      <Filter>Math</Filter>
    </ClInclude>
    <ClInclude Include="Graphic3D\Graphic3D.h">
      <Filter>Graphic3D</Filter>
    </ClInclude>
    <ClInclude Include="Math\Vec4.hpp">
      <Filter>Math</Filter>
    </ClInclude>
  </ItemGroup>
</Project>